{
  "requires": true,
  "lockfileVersion": 1,
  "dependencies": {
    "ag-charts-types": {
      "version": "12.0.2",
      "resolved": "https://registry.npmjs.org/ag-charts-types/-/ag-charts-types-12.0.2.tgz",
      "integrity": "sha512-AWM1Y+XW+9VMmV3AbzdVEnreh/I2C9Pmqpc2iLmtId3Xbvmv7O56DqnuDb9EXjK5uPxmyUerTP+utL13UGcztw=="
    },
    "ag-grid-angular": {
      "version": "34.0.2",
      "resolved": "https://registry.npmjs.org/ag-grid-angular/-/ag-grid-angular-34.0.2.tgz",
      "integrity": "sha512-WVMrTtdyIRWPciN8+ezIiC7qVQUez0Mp80vGbve9LMSUUpFM/+f4RY+H5roH+a9Wkwu54UDeOb/d16ydwXtFdg==",
      "requires": {
        "ag-grid-community": "34.0.2",
        "tslib": "^2.3.0"
      }
    },
    "ag-grid-community": {
      "version": "34.0.2",
      "resolved": "https://registry.npmjs.org/ag-grid-community/-/ag-grid-community-34.0.2.tgz",
      "integrity": "sha512-hVJp5vrmwHRB10YjfSOVni5YJkO/v+asLjT72S4YnIFSx8lAgyPmByNJgtojk1aJ5h6Up93jTEmGDJeuKiWWLA==",
      "requires": {
        "ag-charts-types": "12.0.2"
      }
    },
    "tslib": {
      "version": "2.8.1",
      "resolved": "https://registry.npmjs.org/tslib/-/tslib-2.8.1.tgz",
      "integrity": "sha512-oJFu94HQb+KVduSUQL7wnpmqnfmLsOA/nAh6b6EH0wCEoK0/mPeXU6c3wKDV83MkOuHPRHtSXKKU99IBazS/2w=="
    }
  }
}
